# This file was autogenerated by Stack.
# You should not edit this file by hand.
# For more information, please see the documentation at:
#   https://docs.haskellstack.org/en/stable/lock_files

packages:
- completed:
    hackage: milena-0.5.4.0@sha256:8d9f89ce25656f96b4741875ce0f9e876e6000c816d2c5ad0244fec2d627996e,2587
    pantry-tree:
      size: 561
      sha256: 0ad925632f651ce85af5cacff7ab8ca4dbf85986de79eb6b6eb8522fb7635639
  original:
    hackage: milena-0.5.4.0@sha256:8d9f89ce25656f96b4741875ce0f9e876e6000c816d2c5ad0244fec2d627996e,2587
- completed:
    hackage: bytestring-show-0.3.5.6@sha256:a923f5b218cbfc39a6fea6e8d5cb09bb96373e4b2ca8dfd11b1c05253088d858,1505
    pantry-tree:
      size: 573
      sha256: 304ea6b9d88d71edd5aa92e8b74ec1f1a05ebd22a0a8e0178d5016e75248c233
  original:
    hackage: bytestring-show-0.3.5.6@sha256:a923f5b218cbfc39a6fea6e8d5cb09bb96373e4b2ca8dfd11b1c05253088d858,1505
snapshots:
- completed:
    size: 524799
    url: https://raw.githubusercontent.com/commercialhaskell/stackage-snapshots/master/lts/14/17.yaml
    sha256: 1d72b33c0fc048e23f4f18fd76a6ad79dd1d8a3c054644098a71a09855e40c7c
  original: lts-14.17
